
Microsoft Visual Studio Solution File, Format Version 12.00
# Visual Studio 14
VisualStudioVersion = 14.0.25420.1
MinimumVisualStudioVersion = 10.0.40219.1
Project("{FAE04EC0-301F-11D3-BF4B-00C04F79EFBC}") = "Services", "Services\Services.csproj", "{D5758D05-C4C0-4C19-A74B-3648C6D64819}"
EndProject
Project("{FAE04EC0-301F-11D3-BF4B-00C04F79EFBC}") = "TestUrl", "TestUrl\TestUrl.csproj", "{78B67FE8-249B-4BD0-80A8-C22DE457B419}"
EndProject
Global
	GlobalSection(SolutionConfigurationPlatforms) = preSolution
		Debug|Any CPU = Debug|Any CPU
		Release|Any CPU = Release|Any CPU
	EndGlobalSection
	GlobalSection(ProjectConfigurationPlatforms) = postSolution
		{D5758D05-C4C0-4C19-A74B-3648C6D64819}.Debug|Any CPU.ActiveCfg = Debug|Any CPU
		{D5758D05-C4C0-4C19-A74B-3648C6D64819}.Debug|Any CPU.Build.0 = Debug|Any CPU
		{D5758D05-C4C0-4C19-A74B-3648C6D64819}.Release|Any CPU.ActiveCfg = Release|Any CPU
		{D5758D05-C4C0-4C19-A74B-3648C6D64819}.Release|Any CPU.Build.0 = Release|Any CPU
		{78B67FE8-249B-4BD0-80A8-C22DE457B419}.Debug|Any CPU.ActiveCfg = Debug|Any CPU
		{78B67FE8-249B-4BD0-80A8-C22DE457B419}.Debug|Any CPU.Build.0 = Debug|Any CPU
		{78B67FE8-249B-4BD0-80A8-C22DE457B419}.Release|Any CPU.ActiveCfg = Release|Any CPU
		{78B67FE8-249B-4BD0-80A8-C22DE457B419}.Release|Any CPU.Build.0 = Release|Any CPU
	EndGlobalSection
	GlobalSection(SolutionProperties) = preSolution
		HideSolutionNode = FALSE
	EndGlobalSection
EndGlobal
